
Microsoft Visual Studio Solution File, Format Version 12.00
# Visual Studio Version 17
VisualStudioVersion = 17.6.33829.357
MinimumVisualStudioVersion = 10.0.40219.1
Project("{FAE04EC0-301F-11D3-BF4B-00C04F79EFBC}") = "EncurtadorUrl", "EncurtadorUrl\EncurtadorUrl.csproj", "{883F8EFD-9FEB-4B22-A64A-603A34074464}"
EndProject
Project("{E53339B2-1760-4266-BCC7-CA923CBCF16C}") = "docker-compose", "docker-compose.dcproj", "{3A5EAD1A-A7CC-4296-A03D-B591A10469FF}"
EndProject
Global
	GlobalSection(SolutionConfigurationPlatforms) = preSolution
		Debug|Any CPU = Debug|Any CPU
		Release|Any CPU = Release|Any CPU
	EndGlobalSection
	GlobalSection(ProjectConfigurationPlatforms) = postSolution
		{883F8EFD-9FEB-4B22-A64A-603A34074464}.Debug|Any CPU.ActiveCfg = Debug|Any CPU
		{883F8EFD-9FEB-4B22-A64A-603A34074464}.Debug|Any CPU.Build.0 = Debug|Any CPU
		{883F8EFD-9FEB-4B22-A64A-603A34074464}.Release|Any CPU.ActiveCfg = Release|Any CPU
		{883F8EFD-9FEB-4B22-A64A-603A34074464}.Release|Any CPU.Build.0 = Release|Any CPU
		{3A5EAD1A-A7CC-4296-A03D-B591A10469FF}.Debug|Any CPU.ActiveCfg = Debug|Any CPU
		{3A5EAD1A-A7CC-4296-A03D-B591A10469FF}.Debug|Any CPU.Build.0 = Debug|Any CPU
		{3A5EAD1A-A7CC-4296-A03D-B591A10469FF}.Release|Any CPU.ActiveCfg = Release|Any CPU
		{3A5EAD1A-A7CC-4296-A03D-B591A10469FF}.Release|Any CPU.Build.0 = Release|Any CPU
	EndGlobalSection
	GlobalSection(SolutionProperties) = preSolution
		HideSolutionNode = FALSE
	EndGlobalSection
	GlobalSection(ExtensibilityGlobals) = postSolution
		SolutionGuid = {E3CCA390-5B14-42FD-BD98-EA415958420C}
	EndGlobalSection
EndGlobal
